// !$*UTF8*$!
{
	archiveVersion = 1;
	classes = {
	};
	objectVersion = 46;
	objects = {

/* Begin PBXBuildFile section */
		76C5C7E1C300DE559931C792 /* Pods_Slash.framework in Frameworks */ = {isa = PBXBuildFile; fileRef = 72D325AE634EA6A1362AA7BA /* Pods_Slash.framework */; };
		A64681C846DAF01E2CCEF1D2 /* Pods_SlashTests.framework in Frameworks */ = {isa = PBXBuildFile; fileRef = 1FBDF265832831E7F15A8E2E /* Pods_SlashTests.framework */; };
		A8109478A1A7C6EAF6085D23 /* Pods_SlashUITests.framework in Frameworks */ = {isa = PBXBuildFile; fileRef = 5FC7897EAE450BEB4C5D75B8 /* Pods_SlashUITests.framework */; };
		FC1FDE4E1DB086E30025D228 /* Main.storyboard in Resources */ = {isa = PBXBuildFile; fileRef = FC1FDE4D1DB086E30025D228 /* Main.storyboard */; };
		FC1FDE591DB097570025D228 /* ZMTabBarController.m in Sources */ = {isa = PBXBuildFile; fileRef = FC1FDE581DB097570025D228 /* ZMTabBarController.m */; };
		FC1FDE5C1DB097810025D228 /* ZMNavigationController.m in Sources */ = {isa = PBXBuildFile; fileRef = FC1FDE5B1DB097810025D228 /* ZMNavigationController.m */; };
		FCEE6BD51DAF85D300C1C49E /* main.m in Sources */ = {isa = PBXBuildFile; fileRef = FCEE6BD41DAF85D300C1C49E /* main.m */; };
		FCEE6BD81DAF85D300C1C49E /* AppDelegate.m in Sources */ = {isa = PBXBuildFile; fileRef = FCEE6BD71DAF85D300C1C49E /* AppDelegate.m */; };
		FCEE6BE01DAF85D300C1C49E /* Assets.xcassets in Resources */ = {isa = PBXBuildFile; fileRef = FCEE6BDF1DAF85D300C1C49E /* Assets.xcassets */; };
		FCEE6BE31DAF85D300C1C49E /* LaunchScreen.storyboard in Resources */ = {isa = PBXBuildFile; fileRef = FCEE6BE11DAF85D300C1C49E /* LaunchScreen.storyboard */; };
		FCEE6BEE1DAF85D300C1C49E /* SlashTests.m in Sources */ = {isa = PBXBuildFile; fileRef = FCEE6BED1DAF85D300C1C49E /* SlashTests.m */; };
		FCEE6BF91DAF85D300C1C49E /* SlashUITests.m in Sources */ = {isa = PBXBuildFile; fileRef = FCEE6BF81DAF85D300C1C49E /* SlashUITests.m */; };
/* End PBXBuildFile section */

/* Begin PBXContainerItemProxy section */
		FCEE6BEA1DAF85D300C1C49E /* PBXContainerItemProxy */ = {
			isa = PBXContainerItemProxy;
			containerPortal = FCEE6BC81DAF85D300C1C49E /* Project object */;
			proxyType = 1;
			remoteGlobalIDString = FCEE6BCF1DAF85D300C1C49E;
			remoteInfo = Slash;
		};
		FCEE6BF51DAF85D300C1C49E /* PBXContainerItemProxy */ = {
			isa = PBXContainerItemProxy;
			containerPortal = FCEE6BC81DAF85D300C1C49E /* Project object */;
			proxyType = 1;
			remoteGlobalIDString = FCEE6BCF1DAF85D300C1C49E;
			remoteInfo = Slash;
		};
/* End PBXContainerItemProxy section */

/* Begin PBXFileReference section */
		1FBDF265832831E7F15A8E2E /* Pods_SlashTests.framework */ = {isa = PBXFileReference; explicitFileType = wrapper.framework; includeInIndex = 0; path = Pods_SlashTests.framework; sourceTree = BUILT_PRODUCTS_DIR; };
		362F4931CF26ACB339DE43F7 /* Pods-SlashTests.debug.xcconfig */ = {isa = PBXFileReference; includeInIndex = 1; lastKnownFileType = text.xcconfig; name = "Pods-SlashTests.debug.xcconfig"; path = "Pods/Target Support Files/Pods-SlashTests/Pods-SlashTests.debug.xcconfig"; sourceTree = "<group>"; };
		47F01A5CB5CC61C8973C679E /* Pods-SlashUITests.debug.xcconfig */ = {isa = PBXFileReference; includeInIndex = 1; lastKnownFileType = text.xcconfig; name = "Pods-SlashUITests.debug.xcconfig"; path = "Pods/Target Support Files/Pods-SlashUITests/Pods-SlashUITests.debug.xcconfig"; sourceTree = "<group>"; };
		5FC7897EAE450BEB4C5D75B8 /* Pods_SlashUITests.framework */ = {isa = PBXFileReference; explicitFileType = wrapper.framework; includeInIndex = 0; path = Pods_SlashUITests.framework; sourceTree = BUILT_PRODUCTS_DIR; };
		6FD261DCCFC2221E11C2E777 /* Pods-Slash.debug.xcconfig */ = {isa = PBXFileReference; includeInIndex = 1; lastKnownFileType = text.xcconfig; name = "Pods-Slash.debug.xcconfig"; path = "Pods/Target Support Files/Pods-Slash/Pods-Slash.debug.xcconfig"; sourceTree = "<group>"; };
		72D325AE634EA6A1362AA7BA /* Pods_Slash.framework */ = {isa = PBXFileReference; explicitFileType = wrapper.framework; includeInIndex = 0; path = Pods_Slash.framework; sourceTree = BUILT_PRODUCTS_DIR; };
		8D301ACD792603A940856246 /* Pods-SlashUITests.release.xcconfig */ = {isa = PBXFileReference; includeInIndex = 1; lastKnownFileType = text.xcconfig; name = "Pods-SlashUITests.release.xcconfig"; path = "Pods/Target Support Files/Pods-SlashUITests/Pods-SlashUITests.release.xcconfig"; sourceTree = "<group>"; };
		9715EE1DB50778E8C8DF0C09 /* Pods-Slash.release.xcconfig */ = {isa = PBXFileReference; includeInIndex = 1; lastKnownFileType = text.xcconfig; name = "Pods-Slash.release.xcconfig"; path = "Pods/Target Support Files/Pods-Slash/Pods-Slash.release.xcconfig"; sourceTree = "<group>"; };
		F0D83AAD5ACCA306A538629B /* Pods-SlashTests.release.xcconfig */ = {isa = PBXFileReference; includeInIndex = 1; lastKnownFileType = text.xcconfig; name = "Pods-SlashTests.release.xcconfig"; path = "Pods/Target Support Files/Pods-SlashTests/Pods-SlashTests.release.xcconfig"; sourceTree = "<group>"; };
		FC1FDE4D1DB086E30025D228 /* Main.storyboard */ = {isa = PBXFileReference; fileEncoding = 4; lastKnownFileType = file.storyboard; name = Main.storyboard; path = Main/Main.storyboard; sourceTree = "<group>"; };
		FC1FDE571DB097570025D228 /* ZMTabBarController.h */ = {isa = PBXFileReference; fileEncoding = 4; lastKnownFileType = sourcecode.c.h; path = ZMTabBarController.h; sourceTree = "<group>"; };
		FC1FDE581DB097570025D228 /* ZMTabBarController.m */ = {isa = PBXFileReference; fileEncoding = 4; lastKnownFileType = sourcecode.c.objc; path = ZMTabBarController.m; sourceTree = "<group>"; };
		FC1FDE5A1DB097810025D228 /* ZMNavigationController.h */ = {isa = PBXFileReference; fileEncoding = 4; lastKnownFileType = sourcecode.c.h; path = ZMNavigationController.h; sourceTree = "<group>"; };
		FC1FDE5B1DB097810025D228 /* ZMNavigationController.m */ = {isa = PBXFileReference; fileEncoding = 4; lastKnownFileType = sourcecode.c.objc; path = ZMNavigationController.m; sourceTree = "<group>"; };
		FCC077F81DB0AB0000328232 /* PrefixHeader.pch */ = {isa = PBXFileReference; fileEncoding = 4; lastKnownFileType = sourcecode.c.h; path = PrefixHeader.pch; sourceTree = "<group>"; };
		FCEE6BD01DAF85D300C1C49E /* Slash.app */ = {isa = PBXFileReference; explicitFileType = wrapper.application; includeInIndex = 0; path = Slash.app; sourceTree = BUILT_PRODUCTS_DIR; };
		FCEE6BD41DAF85D300C1C49E /* main.m */ = {isa = PBXFileReference; lastKnownFileType = sourcecode.c.objc; path = main.m; sourceTree = "<group>"; };
		FCEE6BD61DAF85D300C1C49E /* AppDelegate.h */ = {isa = PBXFileReference; lastKnownFileType = sourcecode.c.h; path = AppDelegate.h; sourceTree = "<group>"; };
		FCEE6BD71DAF85D300C1C49E /* AppDelegate.m */ = {isa = PBXFileReference; lastKnownFileType = sourcecode.c.objc; path = AppDelegate.m; sourceTree = "<group>"; };
		FCEE6BDF1DAF85D300C1C49E /* Assets.xcassets */ = {isa = PBXFileReference; lastKnownFileType = folder.assetcatalog; path = Assets.xcassets; sourceTree = "<group>"; };
		FCEE6BE21DAF85D300C1C49E /* Base */ = {isa = PBXFileReference; lastKnownFileType = file.storyboard; name = Base; path = Base.lproj/LaunchScreen.storyboard; sourceTree = "<group>"; };
		FCEE6BE41DAF85D300C1C49E /* Info.plist */ = {isa = PBXFileReference; lastKnownFileType = text.plist.xml; path = Info.plist; sourceTree = "<group>"; };
		FCEE6BE91DAF85D300C1C49E /* SlashTests.xctest */ = {isa = PBXFileReference; explicitFileType = wrapper.cfbundle; includeInIndex = 0; path = SlashTests.xctest; sourceTree = BUILT_PRODUCTS_DIR; };
		FCEE6BED1DAF85D300C1C49E /* SlashTests.m */ = {isa = PBXFileReference; lastKnownFileType = sourcecode.c.objc; path = SlashTests.m; sourceTree = "<group>"; };
		FCEE6BEF1DAF85D300C1C49E /* Info.plist */ = {isa = PBXFileReference; lastKnownFileType = text.plist.xml; path = Info.plist; sourceTree = "<group>"; };
		FCEE6BF41DAF85D300C1C49E /* SlashUITests.xctest */ = {isa = PBXFileReference; explicitFileType = wrapper.cfbundle; includeInIndex = 0; path = SlashUITests.xctest; sourceTree = BUILT_PRODUCTS_DIR; };
		FCEE6BF81DAF85D300C1C49E /* SlashUITests.m */ = {isa = PBXFileReference; lastKnownFileType = sourcecode.c.objc; path = SlashUITests.m; sourceTree = "<group>"; };
		FCEE6BFA1DAF85D300C1C49E /* Info.plist */ = {isa = PBXFileReference; lastKnownFileType = text.plist.xml; path = Info.plist; sourceTree = "<group>"; };
/* End PBXFileReference section */

/* Begin PBXFrameworksBuildPhase section */
		FCEE6BCD1DAF85D300C1C49E /* Frameworks */ = {
			isa = PBXFrameworksBuildPhase;
			buildActionMask = 2147483647;
			files = (
				76C5C7E1C300DE559931C792 /* Pods_Slash.framework in Frameworks */,
			);
			runOnlyForDeploymentPostprocessing = 0;
		};
		FCEE6BE61DAF85D300C1C49E /* Frameworks */ = {
			isa = PBXFrameworksBuildPhase;
			buildActionMask = 2147483647;
			files = (
				A64681C846DAF01E2CCEF1D2 /* Pods_SlashTests.framework in Frameworks */,
			);
			runOnlyForDeploymentPostprocessing = 0;
		};
		FCEE6BF11DAF85D300C1C49E /* Frameworks */ = {
			isa = PBXFrameworksBuildPhase;
			buildActionMask = 2147483647;
			files = (
				A8109478A1A7C6EAF6085D23 /* Pods_SlashUITests.framework in Frameworks */,
			);
			runOnlyForDeploymentPostprocessing = 0;
		};
/* End PBXFrameworksBuildPhase section */

/* Begin PBXGroup section */
		0F74D160D304FD7459E0AB83 /* Frameworks */ = {
			isa = PBXGroup;
			children = (
				72D325AE634EA6A1362AA7BA /* Pods_Slash.framework */,
				1FBDF265832831E7F15A8E2E /* Pods_SlashTests.framework */,
				5FC7897EAE450BEB4C5D75B8 /* Pods_SlashUITests.framework */,
			);
			name = Frameworks;
			sourceTree = "<group>";
		};
		8C1C8AD71DBD6918C2BEB5A1 /* Pods */ = {
			isa = PBXGroup;
			children = (
				6FD261DCCFC2221E11C2E777 /* Pods-Slash.debug.xcconfig */,
				9715EE1DB50778E8C8DF0C09 /* Pods-Slash.release.xcconfig */,
				362F4931CF26ACB339DE43F7 /* Pods-SlashTests.debug.xcconfig */,
				F0D83AAD5ACCA306A538629B /* Pods-SlashTests.release.xcconfig */,
				47F01A5CB5CC61C8973C679E /* Pods-SlashUITests.debug.xcconfig */,
				8D301ACD792603A940856246 /* Pods-SlashUITests.release.xcconfig */,
			);
			name = Pods;
			sourceTree = "<group>";
		};
		FC1FDE2D1DB07F3C0025D228 /* Classes */ = {
			isa = PBXGroup;
			children = (
				FC1FDE2E1DB07F610025D228 /* Main */,
				FC1FDE4D1DB086E30025D228 /* Main.storyboard */,
				FC1FDE2F1DB080180025D228 /* Explore(探索) */,
				FC1FDE311DB0809B0025D228 /* Message(消息) */,
				FC1FDE301DB0803E0025D228 /* Role(角色) */,
				FC1FDE321DB080E00025D228 /* Mine(我的) */,
				FC1FDE331DB082CA0025D228 /* Tools(工具) */,
			);
			path = Classes;
			sourceTree = "<group>";
		};
		FC1FDE2E1DB07F610025D228 /* Main */ = {
			isa = PBXGroup;
			children = (
				FC1FDE451DB085220025D228 /* Controller */,
				FC1FDE471DB085220025D228 /* View */,
				FC1FDE461DB085220025D228 /* Model */,
				FC1FDE481DB085220025D228 /* ViewModel */,
			);
			path = Main;
			sourceTree = "<group>";
		};
		FC1FDE2F1DB080180025D228 /* Explore(探索) */ = {
			isa = PBXGroup;
			children = (
				FC1FDE491DB085590025D228 /* API */,
				FC1FDE351DB084FF0025D228 /* Controller */,
				FC1FDE361DB084FF0025D228 /* Model */,
				FC1FDE371DB084FF0025D228 /* View */,
				FC1FDE381DB084FF0025D228 /* ViewModel */,
			);
			name = "Explore(探索)";
			path = Explore;
			sourceTree = "<group>";
		};
		FC1FDE301DB0803E0025D228 /* Role(角色) */ = {
			isa = PBXGroup;
			children = (
				FC1FDE4B1DB0856E0025D228 /* API */,
				FC1FDE3D1DB0850E0025D228 /* Controller */,
				FC1FDE3E1DB0850E0025D228 /* Model */,
				FC1FDE3F1DB0850E0025D228 /* View */,
				FC1FDE401DB0850E0025D228 /* ViewModel */,
			);
			name = "Role(角色)";
			path = Role;
			sourceTree = "<group>";
		};
		FC1FDE311DB0809B0025D228 /* Message(消息) */ = {
			isa = PBXGroup;
			children = (
				FC1FDE4A1DB085630025D228 /* API */,
				FC1FDE391DB085070025D228 /* Controller */,
				FC1FDE3A1DB085070025D228 /* Model */,
				FC1FDE3B1DB085070025D228 /* View */,
				FC1FDE3C1DB085070025D228 /* ViewModel */,
			);
			name = "Message(消息)";
			path = Message;
			sourceTree = "<group>";
		};
		FC1FDE321DB080E00025D228 /* Mine(我的) */ = {
			isa = PBXGroup;
			children = (
				FC1FDE4C1DB0857D0025D228 /* API */,
				FC1FDE411DB085150025D228 /* Controller */,
				FC1FDE421DB085150025D228 /* Model */,
				FC1FDE431DB085150025D228 /* View */,
				FC1FDE441DB085150025D228 /* ViewModel */,
			);
			name = "Mine(我的)";
			path = Mine;
			sourceTree = "<group>";
		};
		FC1FDE331DB082CA0025D228 /* Tools(工具) */ = {
			isa = PBXGroup;
			children = (
				FC1FDE341DB082E70025D228 /* Category */,
			);
			name = "Tools(工具)";
			path = Tools;
			sourceTree = "<group>";
		};
		FC1FDE341DB082E70025D228 /* Category */ = {
			isa = PBXGroup;
			children = (
			);
			path = Category;
			sourceTree = "<group>";
		};
		FC1FDE351DB084FF0025D228 /* Controller */ = {
			isa = PBXGroup;
			children = (
			);
			path = Controller;
			sourceTree = "<group>";
		};
		FC1FDE361DB084FF0025D228 /* Model */ = {
			isa = PBXGroup;
			children = (
			);
			path = Model;
			sourceTree = "<group>";
		};
		FC1FDE371DB084FF0025D228 /* View */ = {
			isa = PBXGroup;
			children = (
			);
			path = View;
			sourceTree = "<group>";
		};
		FC1FDE381DB084FF0025D228 /* ViewModel */ = {
			isa = PBXGroup;
			children = (
			);
			path = ViewModel;
			sourceTree = "<group>";
		};
		FC1FDE391DB085070025D228 /* Controller */ = {
			isa = PBXGroup;
			children = (
			);
			path = Controller;
			sourceTree = "<group>";
		};
		FC1FDE3A1DB085070025D228 /* Model */ = {
			isa = PBXGroup;
			children = (
			);
			path = Model;
			sourceTree = "<group>";
		};
		FC1FDE3B1DB085070025D228 /* View */ = {
			isa = PBXGroup;
			children = (
			);
			path = View;
			sourceTree = "<group>";
		};
		FC1FDE3C1DB085070025D228 /* ViewModel */ = {
			isa = PBXGroup;
			children = (
			);
			path = ViewModel;
			sourceTree = "<group>";
		};
		FC1FDE3D1DB0850E0025D228 /* Controller */ = {
			isa = PBXGroup;
			children = (
			);
			path = Controller;
			sourceTree = "<group>";
		};
		FC1FDE3E1DB0850E0025D228 /* Model */ = {
			isa = PBXGroup;
			children = (
			);
			path = Model;
			sourceTree = "<group>";
		};
		FC1FDE3F1DB0850E0025D228 /* View */ = {
			isa = PBXGroup;
			children = (
			);
			path = View;
			sourceTree = "<group>";
		};
		FC1FDE401DB0850E0025D228 /* ViewModel */ = {
			isa = PBXGroup;
			children = (
			);
			path = ViewModel;
			sourceTree = "<group>";
		};
		FC1FDE411DB085150025D228 /* Controller */ = {
			isa = PBXGroup;
			children = (
			);
			path = Controller;
			sourceTree = "<group>";
		};
		FC1FDE421DB085150025D228 /* Model */ = {
			isa = PBXGroup;
			children = (
			);
			path = Model;
			sourceTree = "<group>";
		};
		FC1FDE431DB085150025D228 /* View */ = {
			isa = PBXGroup;
			children = (
			);
			path = View;
			sourceTree = "<group>";
		};
		FC1FDE441DB085150025D228 /* ViewModel */ = {
			isa = PBXGroup;
			children = (
			);
			path = ViewModel;
			sourceTree = "<group>";
		};
		FC1FDE451DB085220025D228 /* Controller */ = {
			isa = PBXGroup;
			children = (
				FC1FDE571DB097570025D228 /* ZMTabBarController.h */,
				FC1FDE581DB097570025D228 /* ZMTabBarController.m */,
				FC1FDE5A1DB097810025D228 /* ZMNavigationController.h */,
				FC1FDE5B1DB097810025D228 /* ZMNavigationController.m */,
			);
			path = Controller;
			sourceTree = "<group>";
		};
		FC1FDE461DB085220025D228 /* Model */ = {
			isa = PBXGroup;
			children = (
			);
			path = Model;
			sourceTree = "<group>";
		};
		FC1FDE471DB085220025D228 /* View */ = {
			isa = PBXGroup;
			children = (
			);
			path = View;
			sourceTree = "<group>";
		};
		FC1FDE481DB085220025D228 /* ViewModel */ = {
			isa = PBXGroup;
			children = (
			);
			path = ViewModel;
			sourceTree = "<group>";
		};
		FC1FDE491DB085590025D228 /* API */ = {
			isa = PBXGroup;
			children = (
			);
			path = API;
			sourceTree = "<group>";
		};
		FC1FDE4A1DB085630025D228 /* API */ = {
			isa = PBXGroup;
			children = (
			);
			path = API;
			sourceTree = "<group>";
		};
		FC1FDE4B1DB0856E0025D228 /* API */ = {
			isa = PBXGroup;
			children = (
			);
			path = API;
			sourceTree = "<group>";
		};
		FC1FDE4C1DB0857D0025D228 /* API */ = {
			isa = PBXGroup;
			children = (
			);
			path = API;
			sourceTree = "<group>";
		};
		FCEE6BC71DAF85D300C1C49E = {
			isa = PBXGroup;
			children = (
				FCEE6BD21DAF85D300C1C49E /* Slash */,
				FCEE6BEC1DAF85D300C1C49E /* SlashTests */,
				FCEE6BF71DAF85D300C1C49E /* SlashUITests */,
				FCEE6BD11DAF85D300C1C49E /* Products */,
				8C1C8AD71DBD6918C2BEB5A1 /* Pods */,
				0F74D160D304FD7459E0AB83 /* Frameworks */,
			);
			sourceTree = "<group>";
		};
		FCEE6BD11DAF85D300C1C49E /* Products */ = {
			isa = PBXGroup;
			children = (
				FCEE6BD01DAF85D300C1C49E /* Slash.app */,
				FCEE6BE91DAF85D300C1C49E /* SlashTests.xctest */,
				FCEE6BF41DAF85D300C1C49E /* SlashUITests.xctest */,
			);
			name = Products;
			sourceTree = "<group>";
		};
		FCEE6BD21DAF85D300C1C49E /* Slash */ = {
			isa = PBXGroup;
			children = (
				FC1FDE2D1DB07F3C0025D228 /* Classes */,
				FCEE6BD61DAF85D300C1C49E /* AppDelegate.h */,
				FCEE6BD71DAF85D300C1C49E /* AppDelegate.m */,
				FCEE6BDF1DAF85D300C1C49E /* Assets.xcassets */,
				FCEE6BE11DAF85D300C1C49E /* LaunchScreen.storyboard */,
				FCEE6BE41DAF85D300C1C49E /* Info.plist */,
				FCC077F81DB0AB0000328232 /* PrefixHeader.pch */,
				FCEE6BD31DAF85D300C1C49E /* Supporting Files */,
			);
			path = Slash;
			sourceTree = "<group>";
		};
		FCEE6BD31DAF85D300C1C49E /* Supporting Files */ = {
			isa = PBXGroup;
			children = (
				FCEE6BD41DAF85D300C1C49E /* main.m */,
			);
			name = "Supporting Files";
			sourceTree = "<group>";
		};
		FCEE6BEC1DAF85D300C1C49E /* SlashTests */ = {
			isa = PBXGroup;
			children = (
				FCEE6BED1DAF85D300C1C49E /* SlashTests.m */,
				FCEE6BEF1DAF85D300C1C49E /* Info.plist */,
			);
			path = SlashTests;
			sourceTree = "<group>";
		};
		FCEE6BF71DAF85D300C1C49E /* SlashUITests */ = {
			isa = PBXGroup;
			children = (
				FCEE6BF81DAF85D300C1C49E /* SlashUITests.m */,
				FCEE6BFA1DAF85D300C1C49E /* Info.plist */,
			);
			path = SlashUITests;
			sourceTree = "<group>";
		};
/* End PBXGroup section */

/* Begin PBXNativeTarget section */
		FCEE6BCF1DAF85D300C1C49E /* Slash */ = {
			isa = PBXNativeTarget;
			buildConfigurationList = FCEE6BFD1DAF85D300C1C49E /* Build configuration list for PBXNativeTarget "Slash" */;
			buildPhases = (
				EC177950D38F1B7F31F297C8 /* [CP] Check Pods Manifest.lock */,
				FCEE6BCC1DAF85D300C1C49E /* Sources */,
				FCEE6BCD1DAF85D300C1C49E /* Frameworks */,
				FCEE6BCE1DAF85D300C1C49E /* Resources */,
				7A65E435886F027B4246E0E9 /* [CP] Embed Pods Frameworks */,
				872CF92EEF4BB61383EC2922 /* [CP] Copy Pods Resources */,
			);
			buildRules = (
			);
			dependencies = (
			);
			name = Slash;
			productName = Slash;
			productReference = FCEE6BD01DAF85D300C1C49E /* Slash.app */;
			productType = "com.apple.product-type.application";
		};
		FCEE6BE81DAF85D300C1C49E /* SlashTests */ = {
			isa = PBXNativeTarget;
			buildConfigurationList = FCEE6C001DAF85D300C1C49E /* Build configuration list for PBXNativeTarget "SlashTests" */;
			buildPhases = (
				2488C495B74125A663B038F1 /* [CP] Check Pods Manifest.lock */,
				FCEE6BE51DAF85D300C1C49E /* Sources */,
				FCEE6BE61DAF85D300C1C49E /* Frameworks */,
				FCEE6BE71DAF85D300C1C49E /* Resources */,
				919EF52620E4F2283D0F27BD /* [CP] Embed Pods Frameworks */,
				430D5DCED4A274DA7AE395FF /* [CP] Copy Pods Resources */,
			);
			buildRules = (
			);
			dependencies = (
				FCEE6BEB1DAF85D300C1C49E /* PBXTargetDependency */,
			);
			name = SlashTests;
			productName = SlashTests;
			productReference = FCEE6BE91DAF85D300C1C49E /* SlashTests.xctest */;
			productType = "com.apple.product-type.bundle.unit-test";
		};
		FCEE6BF31DAF85D300C1C49E /* SlashUITests */ = {
			isa = PBXNativeTarget;
			buildConfigurationList = FCEE6C031DAF85D300C1C49E /* Build configuration list for PBXNativeTarget "SlashUITests" */;
			buildPhases = (
				A79D656DAD9FA3DFBA91CD9C /* [CP] Check Pods Manifest.lock */,
				FCEE6BF01DAF85D300C1C49E /* Sources */,
				FCEE6BF11DAF85D300C1C49E /* Frameworks */,
				FCEE6BF21DAF85D300C1C49E /* Resources */,
				23E66D383DD6957D14FB5694 /* [CP] Copy Pods Resources */,
			);
			buildRules = (
			);
			dependencies = (
				FCEE6BF61DAF85D300C1C49E /* PBXTargetDependency */,
			);
			name = SlashUITests;
			productName = SlashUITests;
			productReference = FCEE6BF41DAF85D300C1C49E /* SlashUITests.xctest */;
			productType = "com.apple.product-type.bundle.ui-testing";
		};
/* End PBXNativeTarget section */

/* Begin PBXProject section */
		FCEE6BC81DAF85D300C1C49E /* Project object */ = {
			isa = PBXProject;
			attributes = {
				LastUpgradeCheck = 0800;
				ORGANIZATIONNAME = zemadr;
				TargetAttributes = {
					FCEE6BCF1DAF85D300C1C49E = {
						CreatedOnToolsVersion = 8.0;
						DevelopmentTeam = G4UP3MLLB8;
						ProvisioningStyle = Automatic;
					};
					FCEE6BE81DAF85D300C1C49E = {
						CreatedOnToolsVersion = 8.0;
						ProvisioningStyle = Automatic;
						TestTargetID = FCEE6BCF1DAF85D300C1C49E;
					};
					FCEE6BF31DAF85D300C1C49E = {
						CreatedOnToolsVersion = 8.0;
						ProvisioningStyle = Automatic;
						TestTargetID = FCEE6BCF1DAF85D300C1C49E;
					};
				};
			};
			buildConfigurationList = FCEE6BCB1DAF85D300C1C49E /* Build configuration list for PBXProject "Slash" */;
			compatibilityVersion = "Xcode 3.2";
			developmentRegion = English;
			hasScannedForEncodings = 0;
			knownRegions = (
				en,
				Base,
			);
			mainGroup = FCEE6BC71DAF85D300C1C49E;
			productRefGroup = FCEE6BD11DAF85D300C1C49E /* Products */;
			projectDirPath = "";
			projectRoot = "";
			targets = (
				FCEE6BCF1DAF85D300C1C49E /* Slash */,
				FCEE6BE81DAF85D300C1C49E /* SlashTests */,
				FCEE6BF31DAF85D300C1C49E /* SlashUITests */,
			);
		};
/* End PBXProject section */

/* Begin PBXResourcesBuildPhase section */
		FCEE6BCE1DAF85D300C1C49E /* Resources */ = {
			isa = PBXResourcesBuildPhase;
			buildActionMask = 2147483647;
			files = (
				FCEE6BE31DAF85D300C1C49E /* LaunchScreen.storyboard in Resources */,
				FCEE6BE01DAF85D300C1C49E /* Assets.xcassets in Resources */,
				FC1FDE4E1DB086E30025D228 /* Main.storyboard in Resources */,
			);
			runOnlyForDeploymentPostprocessing = 0;
		};
		FCEE6BE71DAF85D300C1C49E /* Resources */ = {
			isa = PBXResourcesBuildPhase;
			buildActionMask = 2147483647;
			files = (
			);
			runOnlyForDeploymentPostprocessing = 0;
		};
		FCEE6BF21DAF85D300C1C49E /* Resources */ = {
			isa = PBXResourcesBuildPhase;
			buildActionMask = 2147483647;
			files = (
			);
			runOnlyForDeploymentPostprocessing = 0;
		};
/* End PBXResourcesBuildPhase section */

/* Begin PBXShellScriptBuildPhase section */
		23E66D383DD6957D14FB5694 /* [CP] Copy Pods Resources */ = {
			isa = PBXShellScriptBuildPhase;
			buildActionMask = 2147483647;
			files = (
			);
			inputPaths = (
			);
			name = "[CP] Copy Pods Resources";
			outputPaths = (
			);
			runOnlyForDeploymentPostprocessing = 0;
			shellPath = /bin/sh;
			shellScript = "\"${SRCROOT}/Pods/Target Support Files/Pods-SlashUITests/Pods-SlashUITests-resources.sh\"\n";
			showEnvVarsInLog = 0;
		};
		2488C495B74125A663B038F1 /* [CP] Check Pods Manifest.lock */ = {
			isa = PBXShellScriptBuildPhase;
			buildActionMask = 2147483647;
			files = (
			);
			inputPaths = (
			);
			name = "[CP] Check Pods Manifest.lock";
			outputPaths = (
			);
			runOnlyForDeploymentPostprocessing = 0;
			shellPath = /bin/sh;
			shellScript = "diff \"${PODS_ROOT}/../Podfile.lock\" \"${PODS_ROOT}/Manifest.lock\" > /dev/null\nif [[ $? != 0 ]] ; then\n    cat << EOM\nerror: The sandbox is not in sync with the Podfile.lock. Run 'pod install' or update your CocoaPods installation.\nEOM\n    exit 1\nfi\n";
			showEnvVarsInLog = 0;
		};
		430D5DCED4A274DA7AE395FF /* [CP] Copy Pods Resources */ = {
			isa = PBXShellScriptBuildPhase;
			buildActionMask = 2147483647;
			files = (
			);
			inputPaths = (
			);
			name = "[CP] Copy Pods Resources";
			outputPaths = (
			);
			runOnlyForDeploymentPostprocessing = 0;
			shellPath = /bin/sh;
			shellScript = "\"${SRCROOT}/Pods/Target Support Files/Pods-SlashTests/Pods-SlashTests-resources.sh\"\n";
			showEnvVarsInLog = 0;
		};
		7A65E435886F027B4246E0E9 /* [CP] Embed Pods Frameworks */ = {
			isa = PBXShellScriptBuildPhase;
			buildActionMask = 2147483647;
			files = (
			);
			inputPaths = (
			);
			name = "[CP] Embed Pods Frameworks";
			outputPaths = (
			);
			runOnlyForDeploymentPostprocessing = 0;
			shellPath = /bin/sh;
			shellScript = "\"${SRCROOT}/Pods/Target Support Files/Pods-Slash/Pods-Slash-frameworks.sh\"\n";
			showEnvVarsInLog = 0;
		};
		872CF92EEF4BB61383EC2922 /* [CP] Copy Pods Resources */ = {
			isa = PBXShellScriptBuildPhase;
			buildActionMask = 2147483647;
			files = (
			);
			inputPaths = (
			);
			name = "[CP] Copy Pods Resources";
			outputPaths = (
			);
			runOnlyForDeploymentPostprocessing = 0;
			shellPath = /bin/sh;
			shellScript = "\"${SRCROOT}/Pods/Target Support Files/Pods-Slash/Pods-Slash-resources.sh\"\n";
			showEnvVarsInLog = 0;
		};
		919EF52620E4F2283D0F27BD /* [CP] Embed Pods Frameworks */ = {
			isa = PBXShellScriptBuildPhase;
			buildActionMask = 2147483647;
			files = (
			);
			inputPaths = (
			);
			name = "[CP] Embed Pods Frameworks";
			outputPaths = (
			);
			runOnlyForDeploymentPostprocessing = 0;
			shellPath = /bin/sh;
			shellScript = "\"${SRCROOT}/Pods/Target Support Files/Pods-SlashTests/Pods-SlashTests-frameworks.sh\"\n";
			showEnvVarsInLog = 0;
		};
		A79D656DAD9FA3DFBA91CD9C /* [CP] Check Pods Manifest.lock */ = {
			isa = PBXShellScriptBuildPhase;
			buildActionMask = 2147483647;
			files = (
			);
			inputPaths = (
			);
			name = "[CP] Check Pods Manifest.lock";
			outputPaths = (
			);
			runOnlyForDeploymentPostprocessing = 0;
			shellPath = /bin/sh;
			shellScript = "diff \"${PODS_ROOT}/../Podfile.lock\" \"${PODS_ROOT}/Manifest.lock\" > /dev/null\nif [[ $? != 0 ]] ; then\n    cat << EOM\nerror: The sandbox is not in sync with the Podfile.lock. Run 'pod install' or update your CocoaPods installation.\nEOM\n    exit 1\nfi\n";
			showEnvVarsInLog = 0;
		};
		EC177950D38F1B7F31F297C8 /* [CP] Check Pods Manifest.lock */ = {
			isa = PBXShellScriptBuildPhase;
			buildActionMask = 2147483647;
			files = (
			);
			inputPaths = (
			);
			name = "[CP] Check Pods Manifest.lock";
			outputPaths = (
			);
			runOnlyForDeploymentPostprocessing = 0;
			shellPath = /bin/sh;
			shellScript = "diff \"${PODS_ROOT}/../Podfile.lock\" \"${PODS_ROOT}/Manifest.lock\" > /dev/null\nif [[ $? != 0 ]] ; then\n    cat << EOM\nerror: The sandbox is not in sync with the Podfile.lock. Run 'pod install' or update your CocoaPods installation.\nEOM\n    exit 1\nfi\n";
			showEnvVarsInLog = 0;
		};
/* End PBXShellScriptBuildPhase section */

/* Begin PBXSourcesBuildPhase section */
		FCEE6BCC1DAF85D300C1C49E /* Sources */ = {
			isa = PBXSourcesBuildPhase;
			buildActionMask = 2147483647;
			files = (
				FC1FDE5C1DB097810025D228 /* ZMNavigationController.m in Sources */,
				FCEE6BD81DAF85D300C1C49E /* AppDelegate.m in Sources */,
				FC1FDE591DB097570025D228 /* ZMTabBarController.m in Sources */,
				FCEE6BD51DAF85D300C1C49E /* main.m in Sources */,
			);
			runOnlyForDeploymentPostprocessing = 0;
		};
		FCEE6BE51DAF85D300C1C49E /* Sources */ = {
			isa = PBXSourcesBuildPhase;
			buildActionMask = 2147483647;
			files = (
				FCEE6BEE1DAF85D300C1C49E /* SlashTests.m in Sources */,
			);
			runOnlyForDeploymentPostprocessing = 0;
		};
		FCEE6BF01DAF85D300C1C49E /* Sources */ = {
			isa = PBXSourcesBuildPhase;
			buildActionMask = 2147483647;
			files = (
				FCEE6BF91DAF85D300C1C49E /* SlashUITests.m in Sources */,
			);
			runOnlyForDeploymentPostprocessing = 0;
		};
/* End PBXSourcesBuildPhase section */

/* Begin PBXTargetDependency section */
		FCEE6BEB1DAF85D300C1C49E /* PBXTargetDependency */ = {
			isa = PBXTargetDependency;
			target = FCEE6BCF1DAF85D300C1C49E /* Slash */;
			targetProxy = FCEE6BEA1DAF85D300C1C49E /* PBXContainerItemProxy */;
		};
		FCEE6BF61DAF85D300C1C49E /* PBXTargetDependency */ = {
			isa = PBXTargetDependency;
			target = FCEE6BCF1DAF85D300C1C49E /* Slash */;
			targetProxy = FCEE6BF51DAF85D300C1C49E /* PBXContainerItemProxy */;
		};
/* End PBXTargetDependency section */

/* Begin PBXVariantGroup section */
		FCEE6BE11DAF85D300C1C49E /* LaunchScreen.storyboard */ = {
			isa = PBXVariantGroup;
			children = (
				FCEE6BE21DAF85D300C1C49E /* Base */,
			);
			name = LaunchScreen.storyboard;
			sourceTree = "<group>";
		};
/* End PBXVariantGroup section */

/* Begin XCBuildConfiguration section */
		FCEE6BFB1DAF85D300C1C49E /* Debug */ = {
			isa = XCBuildConfiguration;
			buildSettings = {
				ALWAYS_SEARCH_USER_PATHS = NO;
				CLANG_ANALYZER_NONNULL = YES;
				CLANG_CXX_LANGUAGE_STANDARD = "gnu++0x";
				CLANG_CXX_LIBRARY = "libc++";
				CLANG_ENABLE_MODULES = YES;
				CLANG_ENABLE_OBJC_ARC = YES;
				CLANG_WARN_BOOL_CONVERSION = YES;
				CLANG_WARN_CONSTANT_CONVERSION = YES;
				CLANG_WARN_DIRECT_OBJC_ISA_USAGE = YES_ERROR;
				CLANG_WARN_DOCUMENTATION_COMMENTS = YES;
				CLANG_WARN_EMPTY_BODY = YES;
				CLANG_WARN_ENUM_CONVERSION = YES;
				CLANG_WARN_INFINITE_RECURSION = YES;
				CLANG_WARN_INT_CONVERSION = YES;
				CLANG_WARN_OBJC_ROOT_CLASS = YES_ERROR;
				CLANG_WARN_SUSPICIOUS_MOVES = YES;
				CLANG_WARN_UNREACHABLE_CODE = YES;
				CLANG_WARN__DUPLICATE_METHOD_MATCH = YES;
				"CODE_SIGN_IDENTITY[sdk=iphoneos*]" = "iPhone Developer";
				COPY_PHASE_STRIP = NO;
				DEBUG_INFORMATION_FORMAT = dwarf;
				ENABLE_STRICT_OBJC_MSGSEND = YES;
				ENABLE_TESTABILITY = YES;
				GCC_C_LANGUAGE_STANDARD = gnu99;
				GCC_DYNAMIC_NO_PIC = NO;
				GCC_NO_COMMON_BLOCKS = YES;
				GCC_OPTIMIZATION_LEVEL = 0;
				GCC_PREPROCESSOR_DEFINITIONS = (
					"DEBUG=1",
					"$(inherited)",
				);
				GCC_WARN_64_TO_32_BIT_CONVERSION = YES;
				GCC_WARN_ABOUT_RETURN_TYPE = YES_ERROR;
				GCC_WARN_UNDECLARED_SELECTOR = YES;
				GCC_WARN_UNINITIALIZED_AUTOS = YES_AGGRESSIVE;
				GCC_WARN_UNUSED_FUNCTION = YES;
				GCC_WARN_UNUSED_VARIABLE = YES;
				IPHONEOS_DEPLOYMENT_TARGET = 10.0;
				MTL_ENABLE_DEBUG_INFO = YES;
				ONLY_ACTIVE_ARCH = YES;
				SDKROOT = iphoneos;
			};
			name = Debug;
		};
		FCEE6BFC1DAF85D300C1C49E /* Release */ = {
			isa = XCBuildConfiguration;
			buildSettings = {
				ALWAYS_SEARCH_USER_PATHS = NO;
				CLANG_ANALYZER_NONNULL = YES;
				CLANG_CXX_LANGUAGE_STANDARD = "gnu++0x";
				CLANG_CXX_LIBRARY = "libc++";
				CLANG_ENABLE_MODULES = YES;
				CLANG_ENABLE_OBJC_ARC = YES;
				CLANG_WARN_BOOL_CONVERSION = YES;
				CLANG_WARN_CONSTANT_CONVERSION = YES;
				CLANG_WARN_DIRECT_OBJC_ISA_USAGE = YES_ERROR;
				CLANG_WARN_DOCUMENTATION_COMMENTS = YES;
				CLANG_WARN_EMPTY_BODY = YES;
				CLANG_WARN_ENUM_CONVERSION = YES;
				CLANG_WARN_INFINITE_RECURSION = YES;
				CLANG_WARN_INT_CONVERSION = YES;
				CLANG_WARN_OBJC_ROOT_CLASS = YES_ERROR;
				CLANG_WARN_SUSPICIOUS_MOVES = YES;
				CLANG_WARN_UNREACHABLE_CODE = YES;
				CLANG_WARN__DUPLICATE_METHOD_MATCH = YES;
				"CODE_SIGN_IDENTITY[sdk=iphoneos*]" = "iPhone Developer";
				COPY_PHASE_STRIP = NO;
				DEBUG_INFORMATION_FORMAT = "dwarf-with-dsym";
				ENABLE_NS_ASSERTIONS = NO;
				ENABLE_STRICT_OBJC_MSGSEND = YES;
				GCC_C_LANGUAGE_STANDARD = gnu99;
				GCC_NO_COMMON_BLOCKS = YES;
				GCC_WARN_64_TO_32_BIT_CONVERSION = YES;
				GCC_WARN_ABOUT_RETURN_TYPE = YES_ERROR;
				GCC_WARN_UNDECLARED_SELECTOR = YES;
				GCC_WARN_UNINITIALIZED_AUTOS = YES_AGGRESSIVE;
				GCC_WARN_UNUSED_FUNCTION = YES;
				GCC_WARN_UNUSED_VARIABLE = YES;
				IPHONEOS_DEPLOYMENT_TARGET = 10.0;
				MTL_ENABLE_DEBUG_INFO = NO;
				SDKROOT = iphoneos;
				VALIDATE_PRODUCT = YES;
			};
			name = Release;
		};
		FCEE6BFE1DAF85D300C1C49E /* Debug */ = {
			isa = XCBuildConfiguration;
			baseConfigurationReference = 6FD261DCCFC2221E11C2E777 /* Pods-Slash.debug.xcconfig */;
			buildSettings = {
				ASSETCATALOG_COMPILER_APPICON_NAME = AppIcon;
				ASSETCATALOG_COMPILER_LAUNCHIMAGE_NAME = LaunchImage;
				DEVELOPMENT_TEAM = G4UP3MLLB8;
				GCC_PREFIX_HEADER = "$(SRCROOT)/Slash/PrefixHeader.pch";
				INFOPLIST_FILE = Slash/Info.plist;
				IPHONEOS_DEPLOYMENT_TARGET = 8.0;
				LD_RUNPATH_SEARCH_PATHS = "$(inherited) @executable_path/Frameworks";
				PRODUCT_BUNDLE_IDENTIFIER = ZM.Slash;
				PRODUCT_NAME = "$(TARGET_NAME)";
			};
			name = Debug;
		};
		FCEE6BFF1DAF85D300C1C49E /* Release */ = {
			isa = XCBuildConfiguration;
			baseConfigurationReference = 9715EE1DB50778E8C8DF0C09 /* Pods-Slash.release.xcconfig */;
			buildSettings = {
				ASSETCATALOG_COMPILER_APPICON_NAME = AppIcon;
				ASSETCATALOG_COMPILER_LAUNCHIMAGE_NAME = LaunchImage;
				DEVELOPMENT_TEAM = G4UP3MLLB8;
				GCC_PREFIX_HEADER = "$(SRCROOT)/Slash/PrefixHeader.pch";
				INFOPLIST_FILE = Slash/Info.plist;
				IPHONEOS_DEPLOYMENT_TARGET = 8.0;
				LD_RUNPATH_SEARCH_PATHS = "$(inherited) @executable_path/Frameworks";
				PRODUCT_BUNDLE_IDENTIFIER = ZM.Slash;
				PRODUCT_NAME = "$(TARGET_NAME)";
			};
			name = Release;
		};
		FCEE6C011DAF85D300C1C49E /* Debug */ = {
			isa = XCBuildConfiguration;
			baseConfigurationReference = 362F4931CF26ACB339DE43F7 /* Pods-SlashTests.debug.xcconfig */;
			buildSettings = {
				BUNDLE_LOADER = "$(TEST_HOST)";
				INFOPLIST_FILE = SlashTests/Info.plist;
				LD_RUNPATH_SEARCH_PATHS = "$(inherited) @executable_path/Frameworks @loader_path/Frameworks";
				PRODUCT_BUNDLE_IDENTIFIER = ZM.SlashTests;
				PRODUCT_NAME = "$(TARGET_NAME)";
				TEST_HOST = "$(BUILT_PRODUCTS_DIR)/Slash.app/Slash";
			};
			name = Debug;
		};
		FCEE6C021DAF85D300C1C49E /* Release */ = {
			isa = XCBuildConfiguration;
			baseConfigurationReference = F0D83AAD5ACCA306A538629B /* Pods-SlashTests.release.xcconfig */;
			buildSettings = {
				BUNDLE_LOADER = "$(TEST_HOST)";
				INFOPLIST_FILE = SlashTests/Info.plist;
				LD_RUNPATH_SEARCH_PATHS = "$(inherited) @executable_path/Frameworks @loader_path/Frameworks";
				PRODUCT_BUNDLE_IDENTIFIER = ZM.SlashTests;
				PRODUCT_NAME = "$(TARGET_NAME)";
				TEST_HOST = "$(BUILT_PRODUCTS_DIR)/Slash.app/Slash";
			};
			name = Release;
		};
		FCEE6C041DAF85D300C1C49E /* Debug */ = {
			isa = XCBuildConfiguration;
			baseConfigurationReference = 47F01A5CB5CC61C8973C679E /* Pods-SlashUITests.debug.xcconfig */;
			buildSettings = {
				INFOPLIST_FILE = SlashUITests/Info.plist;
				LD_RUNPATH_SEARCH_PATHS = "$(inherited) @executable_path/Frameworks @loader_path/Frameworks";
				PRODUCT_BUNDLE_IDENTIFIER = ZM.SlashUITests;
				PRODUCT_NAME = "$(TARGET_NAME)";
				TEST_TARGET_NAME = Slash;
			};
			name = Debug;
		};
		FCEE6C051DAF85D300C1C49E /* Release */ = {
			isa = XCBuildConfiguration;
			baseConfigurationReference = 8D301ACD792603A940856246 /* Pods-SlashUITests.release.xcconfig */;
			buildSettings = {
				INFOPLIST_FILE = SlashUITests/Info.plist;
				LD_RUNPATH_SEARCH_PATHS = "$(inherited) @executable_path/Frameworks @loader_path/Frameworks";
				PRODUCT_BUNDLE_IDENTIFIER = ZM.SlashUITests;
				PRODUCT_NAME = "$(TARGET_NAME)";
				TEST_TARGET_NAME = Slash;
			};
			name = Release;
		};
/* End XCBuildConfiguration section */

/* Begin XCConfigurationList section */
		FCEE6BCB1DAF85D300C1C49E /* Build configuration list for PBXProject "Slash" */ = {
			isa = XCConfigurationList;
			buildConfigurations = (
				FCEE6BFB1DAF85D300C1C49E /* Debug */,
				FCEE6BFC1DAF85D300C1C49E /* Release */,
			);
			defaultConfigurationIsVisible = 0;
			defaultConfigurationName = Release;
		};
		FCEE6BFD1DAF85D300C1C49E /* Build configuration list for PBXNativeTarget "Slash" */ = {
			isa = XCConfigurationList;
			buildConfigurations = (
				FCEE6BFE1DAF85D300C1C49E /* Debug */,
				FCEE6BFF1DAF85D300C1C49E /* Release */,
			);
			defaultConfigurationIsVisible = 0;
			defaultConfigurationName = Release;
		};
		FCEE6C001DAF85D300C1C49E /* Build configuration list for PBXNativeTarget "SlashTests" */ = {
			isa = XCConfigurationList;
			buildConfigurations = (
				FCEE6C011DAF85D300C1C49E /* Debug */,
				FCEE6C021DAF85D300C1C49E /* Release */,
			);
			defaultConfigurationIsVisible = 0;
			defaultConfigurationName = Release;
		};
		FCEE6C031DAF85D300C1C49E /* Build configuration list for PBXNativeTarget "SlashUITests" */ = {
			isa = XCConfigurationList;
			buildConfigurations = (
				FCEE6C041DAF85D300C1C49E /* Debug */,
				FCEE6C051DAF85D300C1C49E /* Release */,
			);
			defaultConfigurationIsVisible = 0;
			defaultConfigurationName = Release;
		};
/* End XCConfigurationList section */
	};
	rootObject = FCEE6BC81DAF85D300C1C49E /* Project object */;
}
